
Microsoft Visual Studio Solution File, Format Version 12.00
# Visual Studio Version 17
VisualStudioVersion = 17.14.36408.4 d17.14
MinimumVisualStudioVersion = 10.0.40219.1
Project("{FAE04EC0-301F-11D3-BF4B-00C04F79EFBC}") = "projectAPI", "projectAPI\projectAPI.csproj", "{363A3E76-DAC3-4AFF-BBE4-2CF1ACF6BAA7}"
EndProject
Global
	GlobalSection(SolutionConfigurationPlatforms) = preSolution
		Debug|Any CPU = Debug|Any CPU
		Release|Any CPU = Release|Any CPU
	EndGlobalSection
	GlobalSection(ProjectConfigurationPlatforms) = postSolution
		{363A3E76-DAC3-4AFF-BBE4-2CF1ACF6BAA7}.Debug|Any CPU.ActiveCfg = Debug|Any CPU
		{363A3E76-DAC3-4AFF-BBE4-2CF1ACF6BAA7}.Debug|Any CPU.Build.0 = Debug|Any CPU
		{363A3E76-DAC3-4AFF-BBE4-2CF1ACF6BAA7}.Release|Any CPU.ActiveCfg = Release|Any CPU
		{363A3E76-DAC3-4AFF-BBE4-2CF1ACF6BAA7}.Release|Any CPU.Build.0 = Release|Any CPU
	EndGlobalSection
	GlobalSection(SolutionProperties) = preSolution
		HideSolutionNode = FALSE
	EndGlobalSection
	GlobalSection(ExtensibilityGlobals) = postSolution
		SolutionGuid = {30AA1F86-2E94-43B1-B308-92FDE39F228E}
	EndGlobalSection
EndGlobal
